// !$*UTF8*$!
{
	archiveVersion = 1;
	classes = {
	};
	objectVersion = 51;
	objects = {

/* Begin PBXBuildFile section */
		1F2358982A26817E0088D240 /* Main.storyboard in Resources */ = {isa = PBXBuildFile; fileRef = 1F2358972A26817E0088D240 /* Main.storyboard */; };
		1FCD22AE2A25155A00CF0F68 /* WeatherViewModal.swift in Sources */ = {isa = PBXBuildFile; fileRef = 1FCD22AD2A25155A00CF0F68 /* WeatherViewModal.swift */; };
		1FCD22B02A25158500CF0F68 /* WeatherServiceProtocol.swift in Sources */ = {isa = PBXBuildFile; fileRef = 1FCD22AF2A25158500CF0F68 /* WeatherServiceProtocol.swift */; };
		1FCD22B22A2515EA00CF0F68 /* WeatherModal.swift in Sources */ = {isa = PBXBuildFile; fileRef = 1FCD22B12A2515EA00CF0F68 /* WeatherModal.swift */; };
		1FCD22B52A25171800CF0F68 /* WeatherService.swift in Sources */ = {isa = PBXBuildFile; fileRef = 1FCD22B42A25171800CF0F68 /* WeatherService.swift */; };
		1FCD22B72A251E6E00CF0F68 /* LocationManager.swift in Sources */ = {isa = PBXBuildFile; fileRef = 1FCD22B62A251E6E00CF0F68 /* LocationManager.swift */; };
		1FCD22BA2A251FE300CF0F68 /* LocationServiceProtocol.swift in Sources */ = {isa = PBXBuildFile; fileRef = 1FCD22B92A251FE300CF0F68 /* LocationServiceProtocol.swift */; };
		1FCD22BC2A2520DF00CF0F68 /* LocationModal.swift in Sources */ = {isa = PBXBuildFile; fileRef = 1FCD22BB2A2520DF00CF0F68 /* LocationModal.swift */; };
		1FCD22BE2A25216300CF0F68 /* LocationService.swift in Sources */ = {isa = PBXBuildFile; fileRef = 1FCD22BD2A25216300CF0F68 /* LocationService.swift */; };
		1FCD22C02A2521B600CF0F68 /* LocationViewModal.swift in Sources */ = {isa = PBXBuildFile; fileRef = 1FCD22BF2A2521B600CF0F68 /* LocationViewModal.swift */; };
		1FCD22C32A25284A00CF0F68 /* MainView.swift in Sources */ = {isa = PBXBuildFile; fileRef = 1FCD22C22A25284A00CF0F68 /* MainView.swift */; };
		1FCD22C52A252D8500CF0F68 /* LocationServiceDenied.swift in Sources */ = {isa = PBXBuildFile; fileRef = 1FCD22C42A252D8500CF0F68 /* LocationServiceDenied.swift */; };
		1FCD22C72A2531F300CF0F68 /* LoaderView.swift in Sources */ = {isa = PBXBuildFile; fileRef = 1FCD22C62A2531F300CF0F68 /* LoaderView.swift */; };
		1FCD22C92A253D1300CF0F68 /* WeatherSearch.swift in Sources */ = {isa = PBXBuildFile; fileRef = 1FCD22C82A253D1300CF0F68 /* WeatherSearch.swift */; };
		1FCD22CB2A2553F200CF0F68 /* GeoCodeModal.swift in Sources */ = {isa = PBXBuildFile; fileRef = 1FCD22CA2A2553F200CF0F68 /* GeoCodeModal.swift */; };
		3892DABE24F17AB400CD9313 /* AppFunctions.swift in Sources */ = {isa = PBXBuildFile; fileRef = 3892DA7724F17AB300CD9313 /* AppFunctions.swift */; };
		3892DAC024F17AB400CD9313 /* AppConstants.swift in Sources */ = {isa = PBXBuildFile; fileRef = 3892DA7924F17AB300CD9313 /* AppConstants.swift */; };
		3892DAC124F17AB400CD9313 /* AppDelegate.swift in Sources */ = {isa = PBXBuildFile; fileRef = 3892DA7A24F17AB300CD9313 /* AppDelegate.swift */; };
		3892DAC224F17AB400CD9313 /* AppExtensions.swift in Sources */ = {isa = PBXBuildFile; fileRef = 3892DA7B24F17AB300CD9313 /* AppExtensions.swift */; };
		3892DAC324F17AB400CD9313 /* RequestManager.swift in Sources */ = {isa = PBXBuildFile; fileRef = 3892DA7D24F17AB300CD9313 /* RequestManager.swift */; };
		3892DAC924F17AB400CD9313 /* PreferenceManager.swift in Sources */ = {isa = PBXBuildFile; fileRef = 3892DA8324F17AB300CD9313 /* PreferenceManager.swift */; };
		3892DAD424F17AB400CD9313 /* Assets.xcassets in Resources */ = {isa = PBXBuildFile; fileRef = 3892DA9024F17AB400CD9313 /* Assets.xcassets */; };
		3892DAEA24F17AB400CD9313 /* JSONAny.swift in Sources */ = {isa = PBXBuildFile; fileRef = 3892DAAF24F17AB400CD9313 /* JSONAny.swift */; };
		3892DAEB24F17AB400CD9313 /* JSONNull.swift in Sources */ = {isa = PBXBuildFile; fileRef = 3892DAB024F17AB400CD9313 /* JSONNull.swift */; };
		3892DAEC24F17AB400CD9313 /* ErrorModal.swift in Sources */ = {isa = PBXBuildFile; fileRef = 3892DAB124F17AB400CD9313 /* ErrorModal.swift */; };
		EED3D0A6540C52A23DF41FC3 /* Pods_CCWeather.framework in Frameworks */ = {isa = PBXBuildFile; fileRef = 718112ECE47DC547EC4171F0 /* Pods_CCWeather.framework */; };
/* End PBXBuildFile section */

/* Begin PBXFileReference section */
		1F2358972A26817E0088D240 /* Main.storyboard */ = {isa = PBXFileReference; fileEncoding = 4; lastKnownFileType = file.storyboard; path = Main.storyboard; sourceTree = "<group>"; };
		1FCD22AD2A25155A00CF0F68 /* WeatherViewModal.swift */ = {isa = PBXFileReference; lastKnownFileType = sourcecode.swift; path = WeatherViewModal.swift; sourceTree = "<group>"; };
		1FCD22AF2A25158500CF0F68 /* WeatherServiceProtocol.swift */ = {isa = PBXFileReference; lastKnownFileType = sourcecode.swift; path = WeatherServiceProtocol.swift; sourceTree = "<group>"; };
		1FCD22B12A2515EA00CF0F68 /* WeatherModal.swift */ = {isa = PBXFileReference; lastKnownFileType = sourcecode.swift; path = WeatherModal.swift; sourceTree = "<group>"; };
		1FCD22B42A25171800CF0F68 /* WeatherService.swift */ = {isa = PBXFileReference; lastKnownFileType = sourcecode.swift; path = WeatherService.swift; sourceTree = "<group>"; };
		1FCD22B62A251E6E00CF0F68 /* LocationManager.swift */ = {isa = PBXFileReference; fileEncoding = 4; lastKnownFileType = sourcecode.swift; path = LocationManager.swift; sourceTree = "<group>"; };
		1FCD22B92A251FE300CF0F68 /* LocationServiceProtocol.swift */ = {isa = PBXFileReference; lastKnownFileType = sourcecode.swift; path = LocationServiceProtocol.swift; sourceTree = "<group>"; };
		1FCD22BB2A2520DF00CF0F68 /* LocationModal.swift */ = {isa = PBXFileReference; lastKnownFileType = sourcecode.swift; path = LocationModal.swift; sourceTree = "<group>"; };
		1FCD22BD2A25216300CF0F68 /* LocationService.swift */ = {isa = PBXFileReference; lastKnownFileType = sourcecode.swift; path = LocationService.swift; sourceTree = "<group>"; };
		1FCD22BF2A2521B600CF0F68 /* LocationViewModal.swift */ = {isa = PBXFileReference; lastKnownFileType = sourcecode.swift; path = LocationViewModal.swift; sourceTree = "<group>"; };
		1FCD22C22A25284A00CF0F68 /* MainView.swift */ = {isa = PBXFileReference; lastKnownFileType = sourcecode.swift; path = MainView.swift; sourceTree = "<group>"; };
		1FCD22C42A252D8500CF0F68 /* LocationServiceDenied.swift */ = {isa = PBXFileReference; lastKnownFileType = sourcecode.swift; path = LocationServiceDenied.swift; sourceTree = "<group>"; };
		1FCD22C62A2531F300CF0F68 /* LoaderView.swift */ = {isa = PBXFileReference; lastKnownFileType = sourcecode.swift; path = LoaderView.swift; sourceTree = "<group>"; };
		1FCD22C82A253D1300CF0F68 /* WeatherSearch.swift */ = {isa = PBXFileReference; lastKnownFileType = sourcecode.swift; path = WeatherSearch.swift; sourceTree = "<group>"; };
		1FCD22CA2A2553F200CF0F68 /* GeoCodeModal.swift */ = {isa = PBXFileReference; lastKnownFileType = sourcecode.swift; path = GeoCodeModal.swift; sourceTree = "<group>"; };
		3892DA5D24F178E900CD9313 /* CCWeather.app */ = {isa = PBXFileReference; explicitFileType = wrapper.application; includeInIndex = 0; path = CCWeather.app; sourceTree = BUILT_PRODUCTS_DIR; };
		3892DA6E24F178EE00CD9313 /* Info.plist */ = {isa = PBXFileReference; lastKnownFileType = text.plist.xml; path = Info.plist; sourceTree = "<group>"; };
		3892DA7724F17AB300CD9313 /* AppFunctions.swift */ = {isa = PBXFileReference; fileEncoding = 4; lastKnownFileType = sourcecode.swift; path = AppFunctions.swift; sourceTree = "<group>"; };
		3892DA7924F17AB300CD9313 /* AppConstants.swift */ = {isa = PBXFileReference; fileEncoding = 4; lastKnownFileType = sourcecode.swift; path = AppConstants.swift; sourceTree = "<group>"; };
		3892DA7A24F17AB300CD9313 /* AppDelegate.swift */ = {isa = PBXFileReference; fileEncoding = 4; lastKnownFileType = sourcecode.swift; path = AppDelegate.swift; sourceTree = "<group>"; };
		3892DA7B24F17AB300CD9313 /* AppExtensions.swift */ = {isa = PBXFileReference; fileEncoding = 4; lastKnownFileType = sourcecode.swift; path = AppExtensions.swift; sourceTree = "<group>"; };
		3892DA7D24F17AB300CD9313 /* RequestManager.swift */ = {isa = PBXFileReference; fileEncoding = 4; lastKnownFileType = sourcecode.swift; path = RequestManager.swift; sourceTree = "<group>"; };
		3892DA8324F17AB300CD9313 /* PreferenceManager.swift */ = {isa = PBXFileReference; fileEncoding = 4; lastKnownFileType = sourcecode.swift; path = PreferenceManager.swift; sourceTree = "<group>"; };
		3892DA9024F17AB400CD9313 /* Assets.xcassets */ = {isa = PBXFileReference; lastKnownFileType = folder.assetcatalog; path = Assets.xcassets; sourceTree = "<group>"; };
		3892DAAF24F17AB400CD9313 /* JSONAny.swift */ = {isa = PBXFileReference; fileEncoding = 4; lastKnownFileType = sourcecode.swift; path = JSONAny.swift; sourceTree = "<group>"; };
		3892DAB024F17AB400CD9313 /* JSONNull.swift */ = {isa = PBXFileReference; fileEncoding = 4; lastKnownFileType = sourcecode.swift; path = JSONNull.swift; sourceTree = "<group>"; };
		3892DAB124F17AB400CD9313 /* ErrorModal.swift */ = {isa = PBXFileReference; fileEncoding = 4; lastKnownFileType = sourcecode.swift; path = ErrorModal.swift; sourceTree = "<group>"; };
		3BDC50303B3C5691D08B95D0 /* Pods-NewProject.release.xcconfig */ = {isa = PBXFileReference; includeInIndex = 1; lastKnownFileType = text.xcconfig; name = "Pods-NewProject.release.xcconfig"; path = "Target Support Files/Pods-NewProject/Pods-NewProject.release.xcconfig"; sourceTree = "<group>"; };
		4E02225A3339DFC4AE299499 /* Pods-NewProject.debug.xcconfig */ = {isa = PBXFileReference; includeInIndex = 1; lastKnownFileType = text.xcconfig; name = "Pods-NewProject.debug.xcconfig"; path = "Target Support Files/Pods-NewProject/Pods-NewProject.debug.xcconfig"; sourceTree = "<group>"; };
		60C193A7E5F962375BEBE391 /* Pods-CCWeather.release.xcconfig */ = {isa = PBXFileReference; includeInIndex = 1; lastKnownFileType = text.xcconfig; name = "Pods-CCWeather.release.xcconfig"; path = "Target Support Files/Pods-CCWeather/Pods-CCWeather.release.xcconfig"; sourceTree = "<group>"; };
		718112ECE47DC547EC4171F0 /* Pods_CCWeather.framework */ = {isa = PBXFileReference; explicitFileType = wrapper.framework; includeInIndex = 0; path = Pods_CCWeather.framework; sourceTree = BUILT_PRODUCTS_DIR; };
		D22E79BCD7AC1A25EB947BCC /* Pods-CCWeather.debug.xcconfig */ = {isa = PBXFileReference; includeInIndex = 1; lastKnownFileType = text.xcconfig; name = "Pods-CCWeather.debug.xcconfig"; path = "Target Support Files/Pods-CCWeather/Pods-CCWeather.debug.xcconfig"; sourceTree = "<group>"; };
/* End PBXFileReference section */

/* Begin PBXFrameworksBuildPhase section */
		3892DA5A24F178E900CD9313 /* Frameworks */ = {
			isa = PBXFrameworksBuildPhase;
			buildActionMask = 2147483647;
			files = (
				EED3D0A6540C52A23DF41FC3 /* Pods_CCWeather.framework in Frameworks */,
			);
			runOnlyForDeploymentPostprocessing = 0;
		};
/* End PBXFrameworksBuildPhase section */

/* Begin PBXGroup section */
		10CF4859F794AB68D9B140F0 /* Pods */ = {
			isa = PBXGroup;
			children = (
				4E02225A3339DFC4AE299499 /* Pods-NewProject.debug.xcconfig */,
				3BDC50303B3C5691D08B95D0 /* Pods-NewProject.release.xcconfig */,
				D22E79BCD7AC1A25EB947BCC /* Pods-CCWeather.debug.xcconfig */,
				60C193A7E5F962375BEBE391 /* Pods-CCWeather.release.xcconfig */,
			);
			path = Pods;
			sourceTree = "<group>";
		};
		1FCD22AC2A25154300CF0F68 /* ViewModal */ = {
			isa = PBXGroup;
			children = (
				1FCD22B82A251F8C00CF0F68 /* Location */,
				1FCD22B32A2516FA00CF0F68 /* Weather */,
			);
			path = ViewModal;
			sourceTree = "<group>";
		};
		1FCD22B32A2516FA00CF0F68 /* Weather */ = {
			isa = PBXGroup;
			children = (
				1FCD22AF2A25158500CF0F68 /* WeatherServiceProtocol.swift */,
				1FCD22B42A25171800CF0F68 /* WeatherService.swift */,
				1FCD22AD2A25155A00CF0F68 /* WeatherViewModal.swift */,
			);
			path = Weather;
			sourceTree = "<group>";
		};
		1FCD22B82A251F8C00CF0F68 /* Location */ = {
			isa = PBXGroup;
			children = (
				1FCD22B92A251FE300CF0F68 /* LocationServiceProtocol.swift */,
				1FCD22BD2A25216300CF0F68 /* LocationService.swift */,
				1FCD22BF2A2521B600CF0F68 /* LocationViewModal.swift */,
			);
			path = Location;
			sourceTree = "<group>";
		};
		1FCD22C12A25283E00CF0F68 /* SwiftUI */ = {
			isa = PBXGroup;
			children = (
				1FCD22C22A25284A00CF0F68 /* MainView.swift */,
				1FCD22C62A2531F300CF0F68 /* LoaderView.swift */,
				1FCD22C42A252D8500CF0F68 /* LocationServiceDenied.swift */,
				1FCD22C82A253D1300CF0F68 /* WeatherSearch.swift */,
			);
			path = SwiftUI;
			sourceTree = "<group>";
		};
		3892DA5424F178E900CD9313 = {
			isa = PBXGroup;
			children = (
				3892DA5F24F178E900CD9313 /* CCWeather */,
				3892DA5E24F178E900CD9313 /* Products */,
				10CF4859F794AB68D9B140F0 /* Pods */,
				F91CAA188436CE0D57E1B2D4 /* Frameworks */,
			);
			sourceTree = "<group>";
		};
		3892DA5E24F178E900CD9313 /* Products */ = {
			isa = PBXGroup;
			children = (
				3892DA5D24F178E900CD9313 /* CCWeather.app */,
			);
			name = Products;
			sourceTree = "<group>";
		};
		3892DA5F24F178E900CD9313 /* CCWeather */ = {
			isa = PBXGroup;
			children = (
				3892DA7424F17AB300CD9313 /* App */,
				3892DA9824F17AB400CD9313 /* Modal */,
				3892DA9124F17AB400CD9313 /* View */,
				1FCD22AC2A25154300CF0F68 /* ViewModal */,
				3892DA9624F17AB400CD9313 /* Controller */,
				3892DA8F24F17AB400CD9313 /* Resources */,
				3892DA6E24F178EE00CD9313 /* Info.plist */,
			);
			path = CCWeather;
			sourceTree = "<group>";
		};
		3892DA7424F17AB300CD9313 /* App */ = {
			isa = PBXGroup;
			children = (
				3892DA7524F17AB300CD9313 /* Classes */,
				3892DA7C24F17AB300CD9313 /* Managers */,
				3892DA8724F17AB300CD9313 /* Utilities */,
			);
			path = App;
			sourceTree = "<group>";
		};
		3892DA7524F17AB300CD9313 /* Classes */ = {
			isa = PBXGroup;
			children = (
				3892DA7724F17AB300CD9313 /* AppFunctions.swift */,
				3892DA7924F17AB300CD9313 /* AppConstants.swift */,
				3892DA7A24F17AB300CD9313 /* AppDelegate.swift */,
				3892DA7B24F17AB300CD9313 /* AppExtensions.swift */,
			);
			path = Classes;
			sourceTree = "<group>";
		};
		3892DA7C24F17AB300CD9313 /* Managers */ = {
			isa = PBXGroup;
			children = (
				1FCD22B62A251E6E00CF0F68 /* LocationManager.swift */,
				3892DA7D24F17AB300CD9313 /* RequestManager.swift */,
				3892DA8324F17AB300CD9313 /* PreferenceManager.swift */,
			);
			path = Managers;
			sourceTree = "<group>";
		};
		3892DA8724F17AB300CD9313 /* Utilities */ = {
			isa = PBXGroup;
			children = (
			);
			path = Utilities;
			sourceTree = "<group>";
		};
		3892DA8F24F17AB400CD9313 /* Resources */ = {
			isa = PBXGroup;
			children = (
				3892DAFB24F1825400CD9313 /* Fonts */,
				3892DAFE24F1825500CD9313 /* Lottie */,
				3892DA9024F17AB400CD9313 /* Assets.xcassets */,
			);
			path = Resources;
			sourceTree = "<group>";
		};
		3892DA9124F17AB400CD9313 /* View */ = {
			isa = PBXGroup;
			children = (
				1FCD22C12A25283E00CF0F68 /* SwiftUI */,
				3892DA9224F17AB400CD9313 /* XIBs */,
				3892DA9324F17AB400CD9313 /* Storyboard */,
			);
			path = View;
			sourceTree = "<group>";
		};
		3892DA9224F17AB400CD9313 /* XIBs */ = {
			isa = PBXGroup;
			children = (
			);
			path = XIBs;
			sourceTree = "<group>";
		};
		3892DA9324F17AB400CD9313 /* Storyboard */ = {
			isa = PBXGroup;
			children = (
				1F2358972A26817E0088D240 /* Main.storyboard */,
			);
			path = Storyboard;
			sourceTree = "<group>";
		};
		3892DA9624F17AB400CD9313 /* Controller */ = {
			isa = PBXGroup;
			children = (
			);
			path = Controller;
			sourceTree = "<group>";
		};
		3892DA9824F17AB400CD9313 /* Modal */ = {
			isa = PBXGroup;
			children = (
				1FCD22B12A2515EA00CF0F68 /* WeatherModal.swift */,
				1FCD22BB2A2520DF00CF0F68 /* LocationModal.swift */,
				1FCD22CA2A2553F200CF0F68 /* GeoCodeModal.swift */,
				3892DAAE24F17AB400CD9313 /* JSONParsing */,
			);
			path = Modal;
			sourceTree = "<group>";
		};
		3892DAAE24F17AB400CD9313 /* JSONParsing */ = {
			isa = PBXGroup;
			children = (
				3892DAAF24F17AB400CD9313 /* JSONAny.swift */,
				3892DAB024F17AB400CD9313 /* JSONNull.swift */,
				3892DAB124F17AB400CD9313 /* ErrorModal.swift */,
			);
			path = JSONParsing;
			sourceTree = "<group>";
		};
		3892DAFB24F1825400CD9313 /* Fonts */ = {
			isa = PBXGroup;
			children = (
			);
			path = Fonts;
			sourceTree = "<group>";
		};
		3892DAFE24F1825500CD9313 /* Lottie */ = {
			isa = PBXGroup;
			children = (
			);
			path = Lottie;
			sourceTree = "<group>";
		};
		F91CAA188436CE0D57E1B2D4 /* Frameworks */ = {
			isa = PBXGroup;
			children = (
				718112ECE47DC547EC4171F0 /* Pods_CCWeather.framework */,
			);
			name = Frameworks;
			sourceTree = "<group>";
		};
/* End PBXGroup section */

/* Begin PBXNativeTarget section */
		3892DA5C24F178E900CD9313 /* CCWeather */ = {
			isa = PBXNativeTarget;
			buildConfigurationList = 3892DA7124F178EE00CD9313 /* Build configuration list for PBXNativeTarget "CCWeather" */;
			buildPhases = (
				2B6459F129DC808DF8D7BD79 /* [CP] Check Pods Manifest.lock */,
				3892DA5924F178E900CD9313 /* Sources */,
				3892DA5A24F178E900CD9313 /* Frameworks */,
				3892DA5B24F178E900CD9313 /* Resources */,
				F48A193E0093C2015FC9DB86 /* [CP] Embed Pods Frameworks */,
			);
			buildRules = (
			);
			dependencies = (
			);
			name = CCWeather;
			productName = NewProject;
			productReference = 3892DA5D24F178E900CD9313 /* CCWeather.app */;
			productType = "com.apple.product-type.application";
		};
/* End PBXNativeTarget section */

/* Begin PBXProject section */
		3892DA5524F178E900CD9313 /* Project object */ = {
			isa = PBXProject;
			attributes = {
				LastSwiftUpdateCheck = 1140;
				LastUpgradeCheck = 1140;
				ORGANIZATIONNAME = dharmesh;
				TargetAttributes = {
					3892DA5C24F178E900CD9313 = {
						CreatedOnToolsVersion = 11.4;
					};
				};
			};
			buildConfigurationList = 3892DA5824F178E900CD9313 /* Build configuration list for PBXProject "CCWeather" */;
			compatibilityVersion = "Xcode 9.3";
			developmentRegion = en;
			hasScannedForEncodings = 0;
			knownRegions = (
				en,
				Base,
			);
			mainGroup = 3892DA5424F178E900CD9313;
			productRefGroup = 3892DA5E24F178E900CD9313 /* Products */;
			projectDirPath = "";
			projectRoot = "";
			targets = (
				3892DA5C24F178E900CD9313 /* CCWeather */,
			);
		};
/* End PBXProject section */

/* Begin PBXResourcesBuildPhase section */
		3892DA5B24F178E900CD9313 /* Resources */ = {
			isa = PBXResourcesBuildPhase;
			buildActionMask = 2147483647;
			files = (
				3892DAD424F17AB400CD9313 /* Assets.xcassets in Resources */,
				1F2358982A26817E0088D240 /* Main.storyboard in Resources */,
			);
			runOnlyForDeploymentPostprocessing = 0;
		};
/* End PBXResourcesBuildPhase section */

/* Begin PBXShellScriptBuildPhase section */
		2B6459F129DC808DF8D7BD79 /* [CP] Check Pods Manifest.lock */ = {
			isa = PBXShellScriptBuildPhase;
			buildActionMask = 2147483647;
			files = (
			);
			inputFileListPaths = (
			);
			inputPaths = (
				"${PODS_PODFILE_DIR_PATH}/Podfile.lock",
				"${PODS_ROOT}/Manifest.lock",
			);
			name = "[CP] Check Pods Manifest.lock";
			outputFileListPaths = (
			);
			outputPaths = (
				"$(DERIVED_FILE_DIR)/Pods-CCWeather-checkManifestLockResult.txt",
			);
			runOnlyForDeploymentPostprocessing = 0;
			shellPath = /bin/sh;
			shellScript = "diff \"${PODS_PODFILE_DIR_PATH}/Podfile.lock\" \"${PODS_ROOT}/Manifest.lock\" > /dev/null\nif [ $? != 0 ] ; then\n    # print error to STDERR\n    echo \"error: The sandbox is not in sync with the Podfile.lock. Run 'pod install' or update your CocoaPods installation.\" >&2\n    exit 1\nfi\n# This output is used by Xcode 'outputs' to avoid re-running this script phase.\necho \"SUCCESS\" > \"${SCRIPT_OUTPUT_FILE_0}\"\n";
			showEnvVarsInLog = 0;
		};
		F48A193E0093C2015FC9DB86 /* [CP] Embed Pods Frameworks */ = {
			isa = PBXShellScriptBuildPhase;
			buildActionMask = 2147483647;
			files = (
			);
			inputFileListPaths = (
				"${PODS_ROOT}/Target Support Files/Pods-CCWeather/Pods-CCWeather-frameworks-${CONFIGURATION}-input-files.xcfilelist",
			);
			name = "[CP] Embed Pods Frameworks";
			outputFileListPaths = (
				"${PODS_ROOT}/Target Support Files/Pods-CCWeather/Pods-CCWeather-frameworks-${CONFIGURATION}-output-files.xcfilelist",
			);
			runOnlyForDeploymentPostprocessing = 0;
			shellPath = /bin/sh;
			shellScript = "\"${PODS_ROOT}/Target Support Files/Pods-CCWeather/Pods-CCWeather-frameworks.sh\"\n";
			showEnvVarsInLog = 0;
		};
/* End PBXShellScriptBuildPhase section */

/* Begin PBXSourcesBuildPhase section */
		3892DA5924F178E900CD9313 /* Sources */ = {
			isa = PBXSourcesBuildPhase;
			buildActionMask = 2147483647;
			files = (
				3892DAEC24F17AB400CD9313 /* ErrorModal.swift in Sources */,
				1FCD22BC2A2520DF00CF0F68 /* LocationModal.swift in Sources */,
				3892DAC924F17AB400CD9313 /* PreferenceManager.swift in Sources */,
				1FCD22C52A252D8500CF0F68 /* LocationServiceDenied.swift in Sources */,
				1FCD22C32A25284A00CF0F68 /* MainView.swift in Sources */,
				3892DABE24F17AB400CD9313 /* AppFunctions.swift in Sources */,
				1FCD22AE2A25155A00CF0F68 /* WeatherViewModal.swift in Sources */,
				1FCD22B72A251E6E00CF0F68 /* LocationManager.swift in Sources */,
				1FCD22CB2A2553F200CF0F68 /* GeoCodeModal.swift in Sources */,
				3892DAC224F17AB400CD9313 /* AppExtensions.swift in Sources */,
				1FCD22B52A25171800CF0F68 /* WeatherService.swift in Sources */,
				3892DAC324F17AB400CD9313 /* RequestManager.swift in Sources */,
				1FCD22B02A25158500CF0F68 /* WeatherServiceProtocol.swift in Sources */,
				1FCD22C02A2521B600CF0F68 /* LocationViewModal.swift in Sources */,
				1FCD22B22A2515EA00CF0F68 /* WeatherModal.swift in Sources */,
				3892DAEA24F17AB400CD9313 /* JSONAny.swift in Sources */,
				1FCD22C92A253D1300CF0F68 /* WeatherSearch.swift in Sources */,
				3892DAC124F17AB400CD9313 /* AppDelegate.swift in Sources */,
				1FCD22BA2A251FE300CF0F68 /* LocationServiceProtocol.swift in Sources */,
				3892DAC024F17AB400CD9313 /* AppConstants.swift in Sources */,
				3892DAEB24F17AB400CD9313 /* JSONNull.swift in Sources */,
				1FCD22C72A2531F300CF0F68 /* LoaderView.swift in Sources */,
				1FCD22BE2A25216300CF0F68 /* LocationService.swift in Sources */,
			);
			runOnlyForDeploymentPostprocessing = 0;
		};
/* End PBXSourcesBuildPhase section */

/* Begin XCBuildConfiguration section */
		3892DA6F24F178EE00CD9313 /* Debug */ = {
			isa = XCBuildConfiguration;
			buildSettings = {
				ALWAYS_SEARCH_USER_PATHS = NO;
				CLANG_ANALYZER_NONNULL = YES;
				CLANG_ANALYZER_NUMBER_OBJECT_CONVERSION = YES_AGGRESSIVE;
				CLANG_CXX_LANGUAGE_STANDARD = "gnu++14";
				CLANG_CXX_LIBRARY = "libc++";
				CLANG_ENABLE_MODULES = YES;
				CLANG_ENABLE_OBJC_ARC = YES;
				CLANG_ENABLE_OBJC_WEAK = YES;
				CLANG_WARN_BLOCK_CAPTURE_AUTORELEASING = YES;
				CLANG_WARN_BOOL_CONVERSION = YES;
				CLANG_WARN_COMMA = YES;
				CLANG_WARN_CONSTANT_CONVERSION = YES;
				CLANG_WARN_DEPRECATED_OBJC_IMPLEMENTATIONS = YES;
				CLANG_WARN_DIRECT_OBJC_ISA_USAGE = YES_ERROR;
				CLANG_WARN_DOCUMENTATION_COMMENTS = YES;
				CLANG_WARN_EMPTY_BODY = YES;
				CLANG_WARN_ENUM_CONVERSION = YES;
				CLANG_WARN_INFINITE_RECURSION = YES;
				CLANG_WARN_INT_CONVERSION = YES;
				CLANG_WARN_NON_LITERAL_NULL_CONVERSION = YES;
				CLANG_WARN_OBJC_IMPLICIT_RETAIN_SELF = YES;
				CLANG_WARN_OBJC_LITERAL_CONVERSION = YES;
				CLANG_WARN_OBJC_ROOT_CLASS = YES_ERROR;
				CLANG_WARN_RANGE_LOOP_ANALYSIS = YES;
				CLANG_WARN_STRICT_PROTOTYPES = YES;
				CLANG_WARN_SUSPICIOUS_MOVE = YES;
				CLANG_WARN_UNGUARDED_AVAILABILITY = YES_AGGRESSIVE;
				CLANG_WARN_UNREACHABLE_CODE = YES;
				CLANG_WARN__DUPLICATE_METHOD_MATCH = YES;
				COPY_PHASE_STRIP = NO;
				DEBUG_INFORMATION_FORMAT = dwarf;
				ENABLE_STRICT_OBJC_MSGSEND = YES;
				ENABLE_TESTABILITY = YES;
				GCC_C_LANGUAGE_STANDARD = gnu11;
				GCC_DYNAMIC_NO_PIC = NO;
				GCC_NO_COMMON_BLOCKS = YES;
				GCC_OPTIMIZATION_LEVEL = 0;
				GCC_PREPROCESSOR_DEFINITIONS = (
					"DEBUG=1",
					"$(inherited)",
				);
				GCC_WARN_64_TO_32_BIT_CONVERSION = YES;
				GCC_WARN_ABOUT_RETURN_TYPE = YES_ERROR;
				GCC_WARN_UNDECLARED_SELECTOR = YES;
				GCC_WARN_UNINITIALIZED_AUTOS = YES_AGGRESSIVE;
				GCC_WARN_UNUSED_FUNCTION = YES;
				GCC_WARN_UNUSED_VARIABLE = YES;
				IPHONEOS_DEPLOYMENT_TARGET = 14.0;
				MTL_ENABLE_DEBUG_INFO = INCLUDE_SOURCE;
				MTL_FAST_MATH = YES;
				ONLY_ACTIVE_ARCH = YES;
				SDKROOT = iphoneos;
				SWIFT_ACTIVE_COMPILATION_CONDITIONS = DEBUG;
				SWIFT_OPTIMIZATION_LEVEL = "-Onone";
			};
			name = Debug;
		};
		3892DA7024F178EE00CD9313 /* Release */ = {
			isa = XCBuildConfiguration;
			buildSettings = {
				ALWAYS_SEARCH_USER_PATHS = NO;
				CLANG_ANALYZER_NONNULL = YES;
				CLANG_ANALYZER_NUMBER_OBJECT_CONVERSION = YES_AGGRESSIVE;
				CLANG_CXX_LANGUAGE_STANDARD = "gnu++14";
				CLANG_CXX_LIBRARY = "libc++";
				CLANG_ENABLE_MODULES = YES;
				CLANG_ENABLE_OBJC_ARC = YES;
				CLANG_ENABLE_OBJC_WEAK = YES;
				CLANG_WARN_BLOCK_CAPTURE_AUTORELEASING = YES;
				CLANG_WARN_BOOL_CONVERSION = YES;
				CLANG_WARN_COMMA = YES;
				CLANG_WARN_CONSTANT_CONVERSION = YES;
				CLANG_WARN_DEPRECATED_OBJC_IMPLEMENTATIONS = YES;
				CLANG_WARN_DIRECT_OBJC_ISA_USAGE = YES_ERROR;
				CLANG_WARN_DOCUMENTATION_COMMENTS = YES;
				CLANG_WARN_EMPTY_BODY = YES;
				CLANG_WARN_ENUM_CONVERSION = YES;
				CLANG_WARN_INFINITE_RECURSION = YES;
				CLANG_WARN_INT_CONVERSION = YES;
				CLANG_WARN_NON_LITERAL_NULL_CONVERSION = YES;
				CLANG_WARN_OBJC_IMPLICIT_RETAIN_SELF = YES;
				CLANG_WARN_OBJC_LITERAL_CONVERSION = YES;
				CLANG_WARN_OBJC_ROOT_CLASS = YES_ERROR;
				CLANG_WARN_RANGE_LOOP_ANALYSIS = YES;
				CLANG_WARN_STRICT_PROTOTYPES = YES;
				CLANG_WARN_SUSPICIOUS_MOVE = YES;
				CLANG_WARN_UNGUARDED_AVAILABILITY = YES_AGGRESSIVE;
				CLANG_WARN_UNREACHABLE_CODE = YES;
				CLANG_WARN__DUPLICATE_METHOD_MATCH = YES;
				COPY_PHASE_STRIP = NO;
				DEBUG_INFORMATION_FORMAT = "dwarf-with-dsym";
				ENABLE_NS_ASSERTIONS = NO;
				ENABLE_STRICT_OBJC_MSGSEND = YES;
				GCC_C_LANGUAGE_STANDARD = gnu11;
				GCC_NO_COMMON_BLOCKS = YES;
				GCC_WARN_64_TO_32_BIT_CONVERSION = YES;
				GCC_WARN_ABOUT_RETURN_TYPE = YES_ERROR;
				GCC_WARN_UNDECLARED_SELECTOR = YES;
				GCC_WARN_UNINITIALIZED_AUTOS = YES_AGGRESSIVE;
				GCC_WARN_UNUSED_FUNCTION = YES;
				GCC_WARN_UNUSED_VARIABLE = YES;
				IPHONEOS_DEPLOYMENT_TARGET = 14.0;
				MTL_ENABLE_DEBUG_INFO = NO;
				MTL_FAST_MATH = YES;
				SDKROOT = iphoneos;
				SWIFT_COMPILATION_MODE = wholemodule;
				SWIFT_OPTIMIZATION_LEVEL = "-O";
				VALIDATE_PRODUCT = YES;
			};
			name = Release;
		};
		3892DA7224F178EE00CD9313 /* Debug */ = {
			isa = XCBuildConfiguration;
			baseConfigurationReference = D22E79BCD7AC1A25EB947BCC /* Pods-CCWeather.debug.xcconfig */;
			buildSettings = {
				ASSETCATALOG_COMPILER_APPICON_NAME = AppIcon;
				CODE_SIGN_STYLE = Automatic;
				INFOPLIST_FILE = CCWeather/Info.plist;
				IPHONEOS_DEPLOYMENT_TARGET = 14.0;
				LD_RUNPATH_SEARCH_PATHS = (
					"$(inherited)",
					"@executable_path/Frameworks",
				);
				PRODUCT_BUNDLE_IDENTIFIER = cc.weather;
				PRODUCT_NAME = "$(TARGET_NAME)";
				SWIFT_VERSION = 5.0;
				TARGETED_DEVICE_FAMILY = "1,2";
			};
			name = Debug;
		};
		3892DA7324F178EE00CD9313 /* Release */ = {
			isa = XCBuildConfiguration;
			baseConfigurationReference = 60C193A7E5F962375BEBE391 /* Pods-CCWeather.release.xcconfig */;
			buildSettings = {
				ASSETCATALOG_COMPILER_APPICON_NAME = AppIcon;
				CODE_SIGN_STYLE = Automatic;
				INFOPLIST_FILE = CCWeather/Info.plist;
				IPHONEOS_DEPLOYMENT_TARGET = 14.0;
				LD_RUNPATH_SEARCH_PATHS = (
					"$(inherited)",
					"@executable_path/Frameworks",
				);
				PRODUCT_BUNDLE_IDENTIFIER = cc.weather;
				PRODUCT_NAME = "$(TARGET_NAME)";
				SWIFT_VERSION = 5.0;
				TARGETED_DEVICE_FAMILY = "1,2";
			};
			name = Release;
		};
/* End XCBuildConfiguration section */

/* Begin XCConfigurationList section */
		3892DA5824F178E900CD9313 /* Build configuration list for PBXProject "CCWeather" */ = {
			isa = XCConfigurationList;
			buildConfigurations = (
				3892DA6F24F178EE00CD9313 /* Debug */,
				3892DA7024F178EE00CD9313 /* Release */,
			);
			defaultConfigurationIsVisible = 0;
			defaultConfigurationName = Release;
		};
		3892DA7124F178EE00CD9313 /* Build configuration list for PBXNativeTarget "CCWeather" */ = {
			isa = XCConfigurationList;
			buildConfigurations = (
				3892DA7224F178EE00CD9313 /* Debug */,
				3892DA7324F178EE00CD9313 /* Release */,
			);
			defaultConfigurationIsVisible = 0;
			defaultConfigurationName = Release;
		};
/* End XCConfigurationList section */
	};
	rootObject = 3892DA5524F178E900CD9313 /* Project object */;
}
