PODS:
  - Alamofire (4.8.2)
  - AssistantKit (0.6.1)
  - IQKeyboardManagerSwift (6.5.10)
  - KRPullLoader (1.3.0)
  - Localize-Swift (3.1.0)
  - lottie-ios (3.1.9)
  - SDWebImage (4.4.8):
    - SDWebImage/Core (= 4.4.8)
  - SDWebImage/Core (4.4.8)
  - SwiftLint (0.52.2)
  - "UITextView+Placeholder (1.4.0)"

DEPENDENCIES:
  - Alamofire (~> 4.8.1)
  - AssistantKit (~> 0.6.1)
  - IQKeyboardManagerSwift (~> 6.5.1)
  - KRPullLoader
  - Localize-Swift (~> 3.1.0)
  - lottie-ios (~> 3.1.6)
  - SDWebImage (~> 4.4.5)
  - SwiftLint
  - "UITextView+Placeholder (~> 1.4.0)"

SPEC REPOS:
  trunk:
    - Alamofire
    - AssistantKit
    - IQKeyboardManagerSwift
    - KRPullLoader
    - Localize-Swift
    - lottie-ios
    - SDWebImage
    - SwiftLint
    - "UITextView+Placeholder"

SPEC CHECKSUMS:
  Alamofire: ae5c501addb7afdbb13687d7f2f722c78734c2d3
  AssistantKit: 7dd40c019e9a06e93555ed58498a2d212fcb408d
  IQKeyboardManagerSwift: 52962c76ab33532f15ad9f3ff4e5715eda5335bb
  KRPullLoader: c81594d578c90f46c1fe539b8d9a6a581ce3bdb0
  Localize-Swift: 4bed4f0ccac8be2ec3517ee359da80ba2adb0fae
  lottie-ios: 3a3758ef5a008e762faec9c9d50a39842f26d124
  SDWebImage: 783af2c3fa36291a250030c4752ee370a9a51d13
  SwiftLint: 1ac76dac888ca05cb0cf24d0c85887ec1209961d
  "UITextView+Placeholder": d7b0c400921f66523f3a85d74f774512e14f6502

PODFILE CHECKSUM: 34994ea4efdb9972489bb2c9c26fcb93b3736c98

COCOAPODS: 1.11.2
